{
  "name": "ozybase",
  "version": "1.2.3",
  "lockfileVersion": 3,
  "requires": true,
  "packages": {
    "": {
      "name": "ozybase",
      "version": "1.2.3",
      "license": "MIT",
      "bin": {
        "ozybase": "index.js"
      },
      "engines": {
        "node": ">=18"
      }
    }
  }
}
